
Microsoft Visual Studio Solution File, Format Version 12.00
Project("{FAE04EC0-301F-11D3-BF4B-00C04F79EFBC}") = "Web", "Presentation\Web\Web.csproj", "{11415957-2214-4570-8A8C-245784DC5F9B}"
EndProject
Project("{FAE04EC0-301F-11D3-BF4B-00C04F79EFBC}") = "Auth", "Application\Auth\Auth.csproj", "{9094581B-6A9A-4384-A843-D1A272B3BBC1}"
EndProject
Project("{FAE04EC0-301F-11D3-BF4B-00C04F79EFBC}") = "DAL", "Infrastructure\DAL\DAL.csproj", "{3CFFB1CB-DCAF-4575-8833-A036B6BD04E0}"
EndProject
Project("{2150E333-8FDC-42A3-9474-1A3956D46DE8}") = "Application", "Application", "{FB6205E4-47E6-4AD9-856F-7C577D87DB2D}"
EndProject
Project("{2150E333-8FDC-42A3-9474-1A3956D46DE8}") = "Infrastructure", "Infrastructure", "{0BBA9630-F194-42AD-BBA5-FCEA47C9F9B7}"
EndProject
Project("{2150E333-8FDC-42A3-9474-1A3956D46DE8}") = "Presentation", "Presentation", "{66E3D141-5A90-4B85-A6A4-39EED490C24F}"
EndProject
Project("{FAE04EC0-301F-11D3-BF4B-00C04F79EFBC}") = "Course", "Application\Course\Course.csproj", "{FBCF73C5-12F2-4134-8AE1-66757AB1F010}"
EndProject
Project("{FAE04EC0-301F-11D3-BF4B-00C04F79EFBC}") = "Core", "Application\Core\Core.csproj", "{E8074CD7-D9A8-49C9-BB77-077E140FA6F3}"
EndProject
Project("{FAE04EC0-301F-11D3-BF4B-00C04F79EFBC}") = "Assignment", "Application\Assignment\Assignment.csproj", "{3BEC64D8-D668-4DD4-AC64-42AACD21A15D}"
EndProject
Project("{FAE04EC0-301F-11D3-BF4B-00C04F79EFBC}") = "BlobStorage", "Infrastructure\BlobStorage\BlobStorage.csproj", "{537102DA-F47A-4769-A387-4DC16FFC15D9}"
EndProject
Project("{FAE04EC0-301F-11D3-BF4B-00C04F79EFBC}") = "Events", "Infrastructure\Events\Events.csproj", "{2113BF43-A66E-4F24-8A58-5CB494D3C300}"
EndProject
Project("{FAE04EC0-301F-11D3-BF4B-00C04F79EFBC}") = "Handlers", "Infrastructure\Handlers\Handlers.csproj", "{ACB955EF-CC38-48A5-82CB-CC63C3AE54FD}"
EndProject
Project("{FAE04EC0-301F-11D3-BF4B-00C04F79EFBC}") = "Emailing", "Infrastructure\Emailing\Emailing.csproj", "{F0D722DB-2D42-4117-9F25-869597C744D6}"
EndProject
Global
	GlobalSection(SolutionConfigurationPlatforms) = preSolution
		Debug|Any CPU = Debug|Any CPU
		Release|Any CPU = Release|Any CPU
	EndGlobalSection
	GlobalSection(ProjectConfigurationPlatforms) = postSolution
		{11415957-2214-4570-8A8C-245784DC5F9B}.Debug|Any CPU.ActiveCfg = Debug|Any CPU
		{11415957-2214-4570-8A8C-245784DC5F9B}.Debug|Any CPU.Build.0 = Debug|Any CPU
		{11415957-2214-4570-8A8C-245784DC5F9B}.Release|Any CPU.ActiveCfg = Release|Any CPU
		{11415957-2214-4570-8A8C-245784DC5F9B}.Release|Any CPU.Build.0 = Release|Any CPU
		{9094581B-6A9A-4384-A843-D1A272B3BBC1}.Debug|Any CPU.ActiveCfg = Debug|Any CPU
		{9094581B-6A9A-4384-A843-D1A272B3BBC1}.Debug|Any CPU.Build.0 = Debug|Any CPU
		{9094581B-6A9A-4384-A843-D1A272B3BBC1}.Release|Any CPU.ActiveCfg = Release|Any CPU
		{9094581B-6A9A-4384-A843-D1A272B3BBC1}.Release|Any CPU.Build.0 = Release|Any CPU
		{3CFFB1CB-DCAF-4575-8833-A036B6BD04E0}.Debug|Any CPU.ActiveCfg = Debug|Any CPU
		{3CFFB1CB-DCAF-4575-8833-A036B6BD04E0}.Debug|Any CPU.Build.0 = Debug|Any CPU
		{3CFFB1CB-DCAF-4575-8833-A036B6BD04E0}.Release|Any CPU.ActiveCfg = Release|Any CPU
		{3CFFB1CB-DCAF-4575-8833-A036B6BD04E0}.Release|Any CPU.Build.0 = Release|Any CPU
		{FBCF73C5-12F2-4134-8AE1-66757AB1F010}.Debug|Any CPU.ActiveCfg = Debug|Any CPU
		{FBCF73C5-12F2-4134-8AE1-66757AB1F010}.Debug|Any CPU.Build.0 = Debug|Any CPU
		{FBCF73C5-12F2-4134-8AE1-66757AB1F010}.Release|Any CPU.ActiveCfg = Release|Any CPU
		{FBCF73C5-12F2-4134-8AE1-66757AB1F010}.Release|Any CPU.Build.0 = Release|Any CPU
		{E8074CD7-D9A8-49C9-BB77-077E140FA6F3}.Debug|Any CPU.ActiveCfg = Debug|Any CPU
		{E8074CD7-D9A8-49C9-BB77-077E140FA6F3}.Debug|Any CPU.Build.0 = Debug|Any CPU
		{E8074CD7-D9A8-49C9-BB77-077E140FA6F3}.Release|Any CPU.ActiveCfg = Release|Any CPU
		{E8074CD7-D9A8-49C9-BB77-077E140FA6F3}.Release|Any CPU.Build.0 = Release|Any CPU
		{3BEC64D8-D668-4DD4-AC64-42AACD21A15D}.Debug|Any CPU.ActiveCfg = Debug|Any CPU
		{3BEC64D8-D668-4DD4-AC64-42AACD21A15D}.Debug|Any CPU.Build.0 = Debug|Any CPU
		{3BEC64D8-D668-4DD4-AC64-42AACD21A15D}.Release|Any CPU.ActiveCfg = Release|Any CPU
		{3BEC64D8-D668-4DD4-AC64-42AACD21A15D}.Release|Any CPU.Build.0 = Release|Any CPU
		{537102DA-F47A-4769-A387-4DC16FFC15D9}.Debug|Any CPU.ActiveCfg = Debug|Any CPU
		{537102DA-F47A-4769-A387-4DC16FFC15D9}.Debug|Any CPU.Build.0 = Debug|Any CPU
		{537102DA-F47A-4769-A387-4DC16FFC15D9}.Release|Any CPU.ActiveCfg = Release|Any CPU
		{537102DA-F47A-4769-A387-4DC16FFC15D9}.Release|Any CPU.Build.0 = Release|Any CPU
		{2113BF43-A66E-4F24-8A58-5CB494D3C300}.Debug|Any CPU.ActiveCfg = Debug|Any CPU
		{2113BF43-A66E-4F24-8A58-5CB494D3C300}.Debug|Any CPU.Build.0 = Debug|Any CPU
		{2113BF43-A66E-4F24-8A58-5CB494D3C300}.Release|Any CPU.ActiveCfg = Release|Any CPU
		{2113BF43-A66E-4F24-8A58-5CB494D3C300}.Release|Any CPU.Build.0 = Release|Any CPU
		{ACB955EF-CC38-48A5-82CB-CC63C3AE54FD}.Debug|Any CPU.ActiveCfg = Debug|Any CPU
		{ACB955EF-CC38-48A5-82CB-CC63C3AE54FD}.Debug|Any CPU.Build.0 = Debug|Any CPU
		{ACB955EF-CC38-48A5-82CB-CC63C3AE54FD}.Release|Any CPU.ActiveCfg = Release|Any CPU
		{ACB955EF-CC38-48A5-82CB-CC63C3AE54FD}.Release|Any CPU.Build.0 = Release|Any CPU
		{F0D722DB-2D42-4117-9F25-869597C744D6}.Debug|Any CPU.ActiveCfg = Debug|Any CPU
		{F0D722DB-2D42-4117-9F25-869597C744D6}.Debug|Any CPU.Build.0 = Debug|Any CPU
		{F0D722DB-2D42-4117-9F25-869597C744D6}.Release|Any CPU.ActiveCfg = Release|Any CPU
		{F0D722DB-2D42-4117-9F25-869597C744D6}.Release|Any CPU.Build.0 = Release|Any CPU
	EndGlobalSection
	GlobalSection(NestedProjects) = preSolution
		{11415957-2214-4570-8A8C-245784DC5F9B} = {66E3D141-5A90-4B85-A6A4-39EED490C24F}
		{3CFFB1CB-DCAF-4575-8833-A036B6BD04E0} = {0BBA9630-F194-42AD-BBA5-FCEA47C9F9B7}
		{9094581B-6A9A-4384-A843-D1A272B3BBC1} = {FB6205E4-47E6-4AD9-856F-7C577D87DB2D}
		{FBCF73C5-12F2-4134-8AE1-66757AB1F010} = {FB6205E4-47E6-4AD9-856F-7C577D87DB2D}
		{E8074CD7-D9A8-49C9-BB77-077E140FA6F3} = {FB6205E4-47E6-4AD9-856F-7C577D87DB2D}
		{3BEC64D8-D668-4DD4-AC64-42AACD21A15D} = {FB6205E4-47E6-4AD9-856F-7C577D87DB2D}
		{537102DA-F47A-4769-A387-4DC16FFC15D9} = {0BBA9630-F194-42AD-BBA5-FCEA47C9F9B7}
		{2113BF43-A66E-4F24-8A58-5CB494D3C300} = {0BBA9630-F194-42AD-BBA5-FCEA47C9F9B7}
		{ACB955EF-CC38-48A5-82CB-CC63C3AE54FD} = {0BBA9630-F194-42AD-BBA5-FCEA47C9F9B7}
		{F0D722DB-2D42-4117-9F25-869597C744D6} = {0BBA9630-F194-42AD-BBA5-FCEA47C9F9B7}
	EndGlobalSection
EndGlobal
